// !$*UTF8*$!
{
	archiveVersion = 1;
	classes = {
	};
	objectVersion = 46;
	objects = {

/* Begin PBXBuildFile section */
		B95197CA1DFF327900D062C3 /* CalculatorView.swift in Sources */ = {isa = PBXBuildFile; fileRef = B95197C91DFF327900D062C3 /* CalculatorView.swift */; };
		B96782031DF5E4DF007F0C8B /* AppDelegate.swift in Sources */ = {isa = PBXBuildFile; fileRef = B96782021DF5E4DF007F0C8B /* AppDelegate.swift */; };
		B96782051DF5E4DF007F0C8B /* CalculatorViewController.swift in Sources */ = {isa = PBXBuildFile; fileRef = B96782041DF5E4DF007F0C8B /* CalculatorViewController.swift */; };
		B96782081DF5E4DF007F0C8B /* Main.storyboard in Resources */ = {isa = PBXBuildFile; fileRef = B96782061DF5E4DF007F0C8B /* Main.storyboard */; };
		B967820A1DF5E4DF007F0C8B /* Assets.xcassets in Resources */ = {isa = PBXBuildFile; fileRef = B96782091DF5E4DF007F0C8B /* Assets.xcassets */; };
		B967820D1DF5E4DF007F0C8B /* LaunchScreen.storyboard in Resources */ = {isa = PBXBuildFile; fileRef = B967820B1DF5E4DF007F0C8B /* LaunchScreen.storyboard */; };
		B96782161DF5E4FF007F0C8B /* CalculatorBrain.swift in Sources */ = {isa = PBXBuildFile; fileRef = B96782151DF5E4FF007F0C8B /* CalculatorBrain.swift */; };
/* End PBXBuildFile section */

/* Begin PBXFileReference section */
		B95197C91DFF327900D062C3 /* CalculatorView.swift */ = {isa = PBXFileReference; fileEncoding = 4; lastKnownFileType = sourcecode.swift; path = CalculatorView.swift; sourceTree = "<group>"; };
		B96781FF1DF5E4DF007F0C8B /* Calculator2.app */ = {isa = PBXFileReference; explicitFileType = wrapper.application; includeInIndex = 0; path = Calculator2.app; sourceTree = BUILT_PRODUCTS_DIR; };
		B96782021DF5E4DF007F0C8B /* AppDelegate.swift */ = {isa = PBXFileReference; lastKnownFileType = sourcecode.swift; path = AppDelegate.swift; sourceTree = "<group>"; };
		B96782041DF5E4DF007F0C8B /* CalculatorViewController.swift */ = {isa = PBXFileReference; lastKnownFileType = sourcecode.swift; path = CalculatorViewController.swift; sourceTree = "<group>"; };
		B96782071DF5E4DF007F0C8B /* Base */ = {isa = PBXFileReference; lastKnownFileType = file.storyboard; name = Base; path = Base.lproj/Main.storyboard; sourceTree = "<group>"; };
		B96782091DF5E4DF007F0C8B /* Assets.xcassets */ = {isa = PBXFileReference; lastKnownFileType = folder.assetcatalog; path = Assets.xcassets; sourceTree = "<group>"; };
		B967820C1DF5E4DF007F0C8B /* Base */ = {isa = PBXFileReference; lastKnownFileType = file.storyboard; name = Base; path = Base.lproj/LaunchScreen.storyboard; sourceTree = "<group>"; };
		B967820E1DF5E4DF007F0C8B /* Info.plist */ = {isa = PBXFileReference; lastKnownFileType = text.plist.xml; path = Info.plist; sourceTree = "<group>"; };
		B96782151DF5E4FF007F0C8B /* CalculatorBrain.swift */ = {isa = PBXFileReference; fileEncoding = 4; lastKnownFileType = sourcecode.swift; path = CalculatorBrain.swift; sourceTree = "<group>"; };
/* End PBXFileReference section */

/* Begin PBXFrameworksBuildPhase section */
		B96781FC1DF5E4DF007F0C8B /* Frameworks */ = {
			isa = PBXFrameworksBuildPhase;
			buildActionMask = 2147483647;
			files = (
			);
			runOnlyForDeploymentPostprocessing = 0;
		};
/* End PBXFrameworksBuildPhase section */

/* Begin PBXGroup section */
		B96781F61DF5E4DF007F0C8B = {
			isa = PBXGroup;
			children = (
				B96782011DF5E4DF007F0C8B /* Calculator2 */,
				B96782001DF5E4DF007F0C8B /* Products */,
			);
			sourceTree = "<group>";
		};
		B96782001DF5E4DF007F0C8B /* Products */ = {
			isa = PBXGroup;
			children = (
				B96781FF1DF5E4DF007F0C8B /* Calculator2.app */,
			);
			name = Products;
			sourceTree = "<group>";
		};
		B96782011DF5E4DF007F0C8B /* Calculator2 */ = {
			isa = PBXGroup;
			children = (
				B96782151DF5E4FF007F0C8B /* CalculatorBrain.swift */,
				B95197C91DFF327900D062C3 /* CalculatorView.swift */,
				B96782041DF5E4DF007F0C8B /* CalculatorViewController.swift */,
				B96782061DF5E4DF007F0C8B /* Main.storyboard */,
				B96782141DF5E4E8007F0C8B /* HelperDocs */,
			);
			path = Calculator2;
			sourceTree = "<group>";
		};
		B96782141DF5E4E8007F0C8B /* HelperDocs */ = {
			isa = PBXGroup;
			children = (
				B96782021DF5E4DF007F0C8B /* AppDelegate.swift */,
				B96782091DF5E4DF007F0C8B /* Assets.xcassets */,
				B967820B1DF5E4DF007F0C8B /* LaunchScreen.storyboard */,
				B967820E1DF5E4DF007F0C8B /* Info.plist */,
			);
			name = HelperDocs;
			sourceTree = "<group>";
		};
/* End PBXGroup section */

/* Begin PBXNativeTarget section */
		B96781FE1DF5E4DF007F0C8B /* Calculator2 */ = {
			isa = PBXNativeTarget;
			buildConfigurationList = B96782111DF5E4DF007F0C8B /* Build configuration list for PBXNativeTarget "Calculator2" */;
			buildPhases = (
				B96781FB1DF5E4DF007F0C8B /* Sources */,
				B96781FC1DF5E4DF007F0C8B /* Frameworks */,
				B96781FD1DF5E4DF007F0C8B /* Resources */,
			);
			buildRules = (
			);
			dependencies = (
			);
			name = Calculator2;
			productName = Calculator2;
			productReference = B96781FF1DF5E4DF007F0C8B /* Calculator2.app */;
			productType = "com.apple.product-type.application";
		};
/* End PBXNativeTarget section */

/* Begin PBXProject section */
		B96781F71DF5E4DF007F0C8B /* Project object */ = {
			isa = PBXProject;
			attributes = {
				LastSwiftUpdateCheck = 0810;
				LastUpgradeCheck = 0810;
				ORGANIZATIONNAME = GCC;
				TargetAttributes = {
					B96781FE1DF5E4DF007F0C8B = {
						CreatedOnToolsVersion = 8.1;
						DevelopmentTeam = FPM9M4G2RP;
						ProvisioningStyle = Automatic;
					};
				};
			};
			buildConfigurationList = B96781FA1DF5E4DF007F0C8B /* Build configuration list for PBXProject "Calculator2" */;
			compatibilityVersion = "Xcode 3.2";
			developmentRegion = English;
			hasScannedForEncodings = 0;
			knownRegions = (
				en,
				Base,
			);
			mainGroup = B96781F61DF5E4DF007F0C8B;
			productRefGroup = B96782001DF5E4DF007F0C8B /* Products */;
			projectDirPath = "";
			projectRoot = "";
			targets = (
				B96781FE1DF5E4DF007F0C8B /* Calculator2 */,
			);
		};
/* End PBXProject section */

/* Begin PBXResourcesBuildPhase section */
		B96781FD1DF5E4DF007F0C8B /* Resources */ = {
			isa = PBXResourcesBuildPhase;
			buildActionMask = 2147483647;
			files = (
				B967820D1DF5E4DF007F0C8B /* LaunchScreen.storyboard in Resources */,
				B967820A1DF5E4DF007F0C8B /* Assets.xcassets in Resources */,
				B96782081DF5E4DF007F0C8B /* Main.storyboard in Resources */,
			);
			runOnlyForDeploymentPostprocessing = 0;
		};
/* End PBXResourcesBuildPhase section */

/* Begin PBXSourcesBuildPhase section */
		B96781FB1DF5E4DF007F0C8B /* Sources */ = {
			isa = PBXSourcesBuildPhase;
			buildActionMask = 2147483647;
			files = (
				B95197CA1DFF327900D062C3 /* CalculatorView.swift in Sources */,
				B96782161DF5E4FF007F0C8B /* CalculatorBrain.swift in Sources */,
				B96782051DF5E4DF007F0C8B /* CalculatorViewController.swift in Sources */,
				B96782031DF5E4DF007F0C8B /* AppDelegate.swift in Sources */,
			);
			runOnlyForDeploymentPostprocessing = 0;
		};
/* End PBXSourcesBuildPhase section */

/* Begin PBXVariantGroup section */
		B96782061DF5E4DF007F0C8B /* Main.storyboard */ = {
			isa = PBXVariantGroup;
			children = (
				B96782071DF5E4DF007F0C8B /* Base */,
			);
			name = Main.storyboard;
			sourceTree = "<group>";
		};
		B967820B1DF5E4DF007F0C8B /* LaunchScreen.storyboard */ = {
			isa = PBXVariantGroup;
			children = (
				B967820C1DF5E4DF007F0C8B /* Base */,
			);
			name = LaunchScreen.storyboard;
			sourceTree = "<group>";
		};
/* End PBXVariantGroup section */

/* Begin XCBuildConfiguration section */
		B967820F1DF5E4DF007F0C8B /* Debug */ = {
			isa = XCBuildConfiguration;
			buildSettings = {
				ALWAYS_SEARCH_USER_PATHS = NO;
				CLANG_ANALYZER_NONNULL = YES;
				CLANG_CXX_LANGUAGE_STANDARD = "gnu++0x";
				CLANG_CXX_LIBRARY = "libc++";
				CLANG_ENABLE_MODULES = YES;
				CLANG_ENABLE_OBJC_ARC = YES;
				CLANG_WARN_BOOL_CONVERSION = YES;
				CLANG_WARN_CONSTANT_CONVERSION = YES;
				CLANG_WARN_DIRECT_OBJC_ISA_USAGE = YES_ERROR;
				CLANG_WARN_DOCUMENTATION_COMMENTS = YES;
				CLANG_WARN_EMPTY_BODY = YES;
				CLANG_WARN_ENUM_CONVERSION = YES;
				CLANG_WARN_INFINITE_RECURSION = YES;
				CLANG_WARN_INT_CONVERSION = YES;
				CLANG_WARN_OBJC_ROOT_CLASS = YES_ERROR;
				CLANG_WARN_SUSPICIOUS_MOVES = YES;
				CLANG_WARN_UNREACHABLE_CODE = YES;
				CLANG_WARN__DUPLICATE_METHOD_MATCH = YES;
				"CODE_SIGN_IDENTITY[sdk=iphoneos*]" = "iPhone Developer";
				COPY_PHASE_STRIP = NO;
				DEBUG_INFORMATION_FORMAT = dwarf;
				ENABLE_STRICT_OBJC_MSGSEND = YES;
				ENABLE_TESTABILITY = YES;
				GCC_C_LANGUAGE_STANDARD = gnu99;
				GCC_DYNAMIC_NO_PIC = NO;
				GCC_NO_COMMON_BLOCKS = YES;
				GCC_OPTIMIZATION_LEVEL = 0;
				GCC_PREPROCESSOR_DEFINITIONS = (
					"DEBUG=1",
					"$(inherited)",
				);
				GCC_WARN_64_TO_32_BIT_CONVERSION = YES;
				GCC_WARN_ABOUT_RETURN_TYPE = YES_ERROR;
				GCC_WARN_UNDECLARED_SELECTOR = YES;
				GCC_WARN_UNINITIALIZED_AUTOS = YES_AGGRESSIVE;
				GCC_WARN_UNUSED_FUNCTION = YES;
				GCC_WARN_UNUSED_VARIABLE = YES;
				IPHONEOS_DEPLOYMENT_TARGET = 10.1;
				MTL_ENABLE_DEBUG_INFO = YES;
				ONLY_ACTIVE_ARCH = YES;
				SDKROOT = iphoneos;
				SWIFT_ACTIVE_COMPILATION_CONDITIONS = DEBUG;
				SWIFT_OPTIMIZATION_LEVEL = "-Onone";
				TARGETED_DEVICE_FAMILY = "1,2";
			};
			name = Debug;
		};
		B96782101DF5E4DF007F0C8B /* Release */ = {
			isa = XCBuildConfiguration;
			buildSettings = {
				ALWAYS_SEARCH_USER_PATHS = NO;
				CLANG_ANALYZER_NONNULL = YES;
				CLANG_CXX_LANGUAGE_STANDARD = "gnu++0x";
				CLANG_CXX_LIBRARY = "libc++";
				CLANG_ENABLE_MODULES = YES;
				CLANG_ENABLE_OBJC_ARC = YES;
				CLANG_WARN_BOOL_CONVERSION = YES;
				CLANG_WARN_CONSTANT_CONVERSION = YES;
				CLANG_WARN_DIRECT_OBJC_ISA_USAGE = YES_ERROR;
				CLANG_WARN_DOCUMENTATION_COMMENTS = YES;
				CLANG_WARN_EMPTY_BODY = YES;
				CLANG_WARN_ENUM_CONVERSION = YES;
				CLANG_WARN_INFINITE_RECURSION = YES;
				CLANG_WARN_INT_CONVERSION = YES;
				CLANG_WARN_OBJC_ROOT_CLASS = YES_ERROR;
				CLANG_WARN_SUSPICIOUS_MOVES = YES;
				CLANG_WARN_UNREACHABLE_CODE = YES;
				CLANG_WARN__DUPLICATE_METHOD_MATCH = YES;
				"CODE_SIGN_IDENTITY[sdk=iphoneos*]" = "iPhone Developer";
				COPY_PHASE_STRIP = NO;
				DEBUG_INFORMATION_FORMAT = "dwarf-with-dsym";
				ENABLE_NS_ASSERTIONS = NO;
				ENABLE_STRICT_OBJC_MSGSEND = YES;
				GCC_C_LANGUAGE_STANDARD = gnu99;
				GCC_NO_COMMON_BLOCKS = YES;
				GCC_WARN_64_TO_32_BIT_CONVERSION = YES;
				GCC_WARN_ABOUT_RETURN_TYPE = YES_ERROR;
				GCC_WARN_UNDECLARED_SELECTOR = YES;
				GCC_WARN_UNINITIALIZED_AUTOS = YES_AGGRESSIVE;
				GCC_WARN_UNUSED_FUNCTION = YES;
				GCC_WARN_UNUSED_VARIABLE = YES;
				IPHONEOS_DEPLOYMENT_TARGET = 10.1;
				MTL_ENABLE_DEBUG_INFO = NO;
				SDKROOT = iphoneos;
				SWIFT_OPTIMIZATION_LEVEL = "-Owholemodule";
				TARGETED_DEVICE_FAMILY = "1,2";
				VALIDATE_PRODUCT = YES;
			};
			name = Release;
		};
		B96782121DF5E4DF007F0C8B /* Debug */ = {
			isa = XCBuildConfiguration;
			buildSettings = {
				ASSETCATALOG_COMPILER_APPICON_NAME = AppIcon;
				DEVELOPMENT_TEAM = FPM9M4G2RP;
				INFOPLIST_FILE = Calculator2/Info.plist;
				LD_RUNPATH_SEARCH_PATHS = "$(inherited) @executable_path/Frameworks";
				PRODUCT_BUNDLE_IDENTIFIER = "com.output-mn.magarcia1.Calculator2";
				PRODUCT_NAME = "$(TARGET_NAME)";
				SWIFT_VERSION = 3.0;
			};
			name = Debug;
		};
		B96782131DF5E4DF007F0C8B /* Release */ = {
			isa = XCBuildConfiguration;
			buildSettings = {
				ASSETCATALOG_COMPILER_APPICON_NAME = AppIcon;
				DEVELOPMENT_TEAM = FPM9M4G2RP;
				INFOPLIST_FILE = Calculator2/Info.plist;
				LD_RUNPATH_SEARCH_PATHS = "$(inherited) @executable_path/Frameworks";
				PRODUCT_BUNDLE_IDENTIFIER = "com.output-mn.magarcia1.Calculator2";
				PRODUCT_NAME = "$(TARGET_NAME)";
				SWIFT_VERSION = 3.0;
			};
			name = Release;
		};
/* End XCBuildConfiguration section */

/* Begin XCConfigurationList section */
		B96781FA1DF5E4DF007F0C8B /* Build configuration list for PBXProject "Calculator2" */ = {
			isa = XCConfigurationList;
			buildConfigurations = (
				B967820F1DF5E4DF007F0C8B /* Debug */,
				B96782101DF5E4DF007F0C8B /* Release */,
			);
			defaultConfigurationIsVisible = 0;
			defaultConfigurationName = Release;
		};
		B96782111DF5E4DF007F0C8B /* Build configuration list for PBXNativeTarget "Calculator2" */ = {
			isa = XCConfigurationList;
			buildConfigurations = (
				B96782121DF5E4DF007F0C8B /* Debug */,
				B96782131DF5E4DF007F0C8B /* Release */,
			);
			defaultConfigurationIsVisible = 0;
			defaultConfigurationName = Release;
		};
/* End XCConfigurationList section */
	};
	rootObject = B96781F71DF5E4DF007F0C8B /* Project object */;
}
